// !$*UTF8*$!
{
	archiveVersion = 1;
	classes = {
	};
	objectVersion = 50;
	objects = {

/* Begin PBXBuildFile section */
		188606C72665446E0096B1E0 /* AppDelegate.swift in Sources */ = {isa = PBXBuildFile; fileRef = 188606C62665446E0096B1E0 /* AppDelegate.swift */; };
		188606D02665446F0096B1E0 /* Assets.xcassets in Resources */ = {isa = PBXBuildFile; fileRef = 188606CF2665446F0096B1E0 /* Assets.xcassets */; };
		188606D32665446F0096B1E0 /* LaunchScreen.storyboard in Resources */ = {isa = PBXBuildFile; fileRef = 188606D12665446F0096B1E0 /* LaunchScreen.storyboard */; };
		188606DC2665461A0096B1E0 /* HomeVC.swift in Sources */ = {isa = PBXBuildFile; fileRef = 188606DA2665461A0096B1E0 /* HomeVC.swift */; };
		188606DD2665461A0096B1E0 /* HomeVC.xib in Resources */ = {isa = PBXBuildFile; fileRef = 188606DB2665461A0096B1E0 /* HomeVC.xib */; };
		188606E02665DE490096B1E0 /* PlayersVC.swift in Sources */ = {isa = PBXBuildFile; fileRef = 188606DE2665DE490096B1E0 /* PlayersVC.swift */; };
		188606E12665DE490096B1E0 /* PlayersVC.xib in Resources */ = {isa = PBXBuildFile; fileRef = 188606DF2665DE490096B1E0 /* PlayersVC.xib */; };
/* End PBXBuildFile section */

/* Begin PBXFileReference section */
		188606C32665446E0096B1E0 /* Tic.app */ = {isa = PBXFileReference; explicitFileType = wrapper.application; includeInIndex = 0; path = Tic.app; sourceTree = BUILT_PRODUCTS_DIR; };
		188606C62665446E0096B1E0 /* AppDelegate.swift */ = {isa = PBXFileReference; lastKnownFileType = sourcecode.swift; path = AppDelegate.swift; sourceTree = "<group>"; };
		188606CF2665446F0096B1E0 /* Assets.xcassets */ = {isa = PBXFileReference; lastKnownFileType = folder.assetcatalog; path = Assets.xcassets; sourceTree = "<group>"; };
		188606D22665446F0096B1E0 /* Base */ = {isa = PBXFileReference; lastKnownFileType = file.storyboard; name = Base; path = Base.lproj/LaunchScreen.storyboard; sourceTree = "<group>"; };
		188606D42665446F0096B1E0 /* Info.plist */ = {isa = PBXFileReference; lastKnownFileType = text.plist.xml; path = Info.plist; sourceTree = "<group>"; };
		188606DA2665461A0096B1E0 /* HomeVC.swift */ = {isa = PBXFileReference; lastKnownFileType = sourcecode.swift; path = HomeVC.swift; sourceTree = "<group>"; };
		188606DB2665461A0096B1E0 /* HomeVC.xib */ = {isa = PBXFileReference; lastKnownFileType = file.xib; path = HomeVC.xib; sourceTree = "<group>"; };
		188606DE2665DE490096B1E0 /* PlayersVC.swift */ = {isa = PBXFileReference; lastKnownFileType = sourcecode.swift; path = PlayersVC.swift; sourceTree = "<group>"; };
		188606DF2665DE490096B1E0 /* PlayersVC.xib */ = {isa = PBXFileReference; lastKnownFileType = file.xib; path = PlayersVC.xib; sourceTree = "<group>"; };
/* End PBXFileReference section */

/* Begin PBXFrameworksBuildPhase section */
		188606C02665446E0096B1E0 /* Frameworks */ = {
			isa = PBXFrameworksBuildPhase;
			buildActionMask = 2147483647;
			files = (
			);
			runOnlyForDeploymentPostprocessing = 0;
		};
/* End PBXFrameworksBuildPhase section */

/* Begin PBXGroup section */
		188606BA2665446E0096B1E0 = {
			isa = PBXGroup;
			children = (
				188606C52665446E0096B1E0 /* Tic */,
				188606C42665446E0096B1E0 /* Products */,
			);
			sourceTree = "<group>";
		};
		188606C42665446E0096B1E0 /* Products */ = {
			isa = PBXGroup;
			children = (
				188606C32665446E0096B1E0 /* Tic.app */,
			);
			name = Products;
			sourceTree = "<group>";
		};
		188606C52665446E0096B1E0 /* Tic */ = {
			isa = PBXGroup;
			children = (
				188606C62665446E0096B1E0 /* AppDelegate.swift */,
				188606DA2665461A0096B1E0 /* HomeVC.swift */,
				188606DE2665DE490096B1E0 /* PlayersVC.swift */,
				188606DF2665DE490096B1E0 /* PlayersVC.xib */,
				188606DB2665461A0096B1E0 /* HomeVC.xib */,
				188606CF2665446F0096B1E0 /* Assets.xcassets */,
				188606D12665446F0096B1E0 /* LaunchScreen.storyboard */,
				188606D42665446F0096B1E0 /* Info.plist */,
			);
			path = Tic;
			sourceTree = "<group>";
		};
/* End PBXGroup section */

/* Begin PBXNativeTarget section */
		188606C22665446E0096B1E0 /* Tic */ = {
			isa = PBXNativeTarget;
			buildConfigurationList = 188606D72665446F0096B1E0 /* Build configuration list for PBXNativeTarget "Tic" */;
			buildPhases = (
				188606BF2665446E0096B1E0 /* Sources */,
				188606C02665446E0096B1E0 /* Frameworks */,
				188606C12665446E0096B1E0 /* Resources */,
			);
			buildRules = (
			);
			dependencies = (
			);
			name = Tic;
			productName = Tic;
			productReference = 188606C32665446E0096B1E0 /* Tic.app */;
			productType = "com.apple.product-type.application";
		};
/* End PBXNativeTarget section */

/* Begin PBXProject section */
		188606BB2665446E0096B1E0 /* Project object */ = {
			isa = PBXProject;
			attributes = {
				LastSwiftUpdateCheck = 1250;
				LastUpgradeCheck = 1250;
				TargetAttributes = {
					188606C22665446E0096B1E0 = {
						CreatedOnToolsVersion = 12.5;
					};
				};
			};
			buildConfigurationList = 188606BE2665446E0096B1E0 /* Build configuration list for PBXProject "Tic" */;
			compatibilityVersion = "Xcode 9.3";
			developmentRegion = en;
			hasScannedForEncodings = 0;
			knownRegions = (
				en,
				Base,
			);
			mainGroup = 188606BA2665446E0096B1E0;
			productRefGroup = 188606C42665446E0096B1E0 /* Products */;
			projectDirPath = "";
			projectRoot = "";
			targets = (
				188606C22665446E0096B1E0 /* Tic */,
			);
		};
/* End PBXProject section */

/* Begin PBXResourcesBuildPhase section */
		188606C12665446E0096B1E0 /* Resources */ = {
			isa = PBXResourcesBuildPhase;
			buildActionMask = 2147483647;
			files = (
				188606D32665446F0096B1E0 /* LaunchScreen.storyboard in Resources */,
				188606DD2665461A0096B1E0 /* HomeVC.xib in Resources */,
				188606D02665446F0096B1E0 /* Assets.xcassets in Resources */,
				188606E12665DE490096B1E0 /* PlayersVC.xib in Resources */,
			);
			runOnlyForDeploymentPostprocessing = 0;
		};
/* End PBXResourcesBuildPhase section */

/* Begin PBXSourcesBuildPhase section */
		188606BF2665446E0096B1E0 /* Sources */ = {
			isa = PBXSourcesBuildPhase;
			buildActionMask = 2147483647;
			files = (
				188606C72665446E0096B1E0 /* AppDelegate.swift in Sources */,
				188606E02665DE490096B1E0 /* PlayersVC.swift in Sources */,
				188606DC2665461A0096B1E0 /* HomeVC.swift in Sources */,
			);
			runOnlyForDeploymentPostprocessing = 0;
		};
/* End PBXSourcesBuildPhase section */

/* Begin PBXVariantGroup section */
		188606D12665446F0096B1E0 /* LaunchScreen.storyboard */ = {
			isa = PBXVariantGroup;
			children = (
				188606D22665446F0096B1E0 /* Base */,
			);
			name = LaunchScreen.storyboard;
			sourceTree = "<group>";
		};
/* End PBXVariantGroup section */

/* Begin XCBuildConfiguration section */
		188606D52665446F0096B1E0 /* Debug */ = {
			isa = XCBuildConfiguration;
			buildSettings = {
				ALWAYS_SEARCH_USER_PATHS = NO;
				CLANG_ANALYZER_NONNULL = YES;
				CLANG_ANALYZER_NUMBER_OBJECT_CONVERSION = YES_AGGRESSIVE;
				CLANG_CXX_LANGUAGE_STANDARD = "gnu++14";
				CLANG_CXX_LIBRARY = "libc++";
				CLANG_ENABLE_MODULES = YES;
				CLANG_ENABLE_OBJC_ARC = YES;
				CLANG_ENABLE_OBJC_WEAK = YES;
				CLANG_WARN_BLOCK_CAPTURE_AUTORELEASING = YES;
				CLANG_WARN_BOOL_CONVERSION = YES;
				CLANG_WARN_COMMA = YES;
				CLANG_WARN_CONSTANT_CONVERSION = YES;
				CLANG_WARN_DEPRECATED_OBJC_IMPLEMENTATIONS = YES;
				CLANG_WARN_DIRECT_OBJC_ISA_USAGE = YES_ERROR;
				CLANG_WARN_DOCUMENTATION_COMMENTS = YES;
				CLANG_WARN_EMPTY_BODY = YES;
				CLANG_WARN_ENUM_CONVERSION = YES;
				CLANG_WARN_INFINITE_RECURSION = YES;
				CLANG_WARN_INT_CONVERSION = YES;
				CLANG_WARN_NON_LITERAL_NULL_CONVERSION = YES;
				CLANG_WARN_OBJC_IMPLICIT_RETAIN_SELF = YES;
				CLANG_WARN_OBJC_LITERAL_CONVERSION = YES;
				CLANG_WARN_OBJC_ROOT_CLASS = YES_ERROR;
				CLANG_WARN_QUOTED_INCLUDE_IN_FRAMEWORK_HEADER = YES;
				CLANG_WARN_RANGE_LOOP_ANALYSIS = YES;
				CLANG_WARN_STRICT_PROTOTYPES = YES;
				CLANG_WARN_SUSPICIOUS_MOVE = YES;
				CLANG_WARN_UNGUARDED_AVAILABILITY = YES_AGGRESSIVE;
				CLANG_WARN_UNREACHABLE_CODE = YES;
				CLANG_WARN__DUPLICATE_METHOD_MATCH = YES;
				COPY_PHASE_STRIP = NO;
				DEBUG_INFORMATION_FORMAT = dwarf;
				ENABLE_STRICT_OBJC_MSGSEND = YES;
				ENABLE_TESTABILITY = YES;
				GCC_C_LANGUAGE_STANDARD = gnu11;
				GCC_DYNAMIC_NO_PIC = NO;
				GCC_NO_COMMON_BLOCKS = YES;
				GCC_OPTIMIZATION_LEVEL = 0;
				GCC_PREPROCESSOR_DEFINITIONS = (
					"DEBUG=1",
					"$(inherited)",
				);
				GCC_WARN_64_TO_32_BIT_CONVERSION = YES;
				GCC_WARN_ABOUT_RETURN_TYPE = YES_ERROR;
				GCC_WARN_UNDECLARED_SELECTOR = YES;
				GCC_WARN_UNINITIALIZED_AUTOS = YES_AGGRESSIVE;
				GCC_WARN_UNUSED_FUNCTION = YES;
				GCC_WARN_UNUSED_VARIABLE = YES;
				IPHONEOS_DEPLOYMENT_TARGET = 14.5;
				MTL_ENABLE_DEBUG_INFO = INCLUDE_SOURCE;
				MTL_FAST_MATH = YES;
				ONLY_ACTIVE_ARCH = YES;
				SDKROOT = iphoneos;
				SWIFT_ACTIVE_COMPILATION_CONDITIONS = DEBUG;
				SWIFT_OPTIMIZATION_LEVEL = "-Onone";
			};
			name = Debug;
		};
		188606D62665446F0096B1E0 /* Release */ = {
			isa = XCBuildConfiguration;
			buildSettings = {
				ALWAYS_SEARCH_USER_PATHS = NO;
				CLANG_ANALYZER_NONNULL = YES;
				CLANG_ANALYZER_NUMBER_OBJECT_CONVERSION = YES_AGGRESSIVE;
				CLANG_CXX_LANGUAGE_STANDARD = "gnu++14";
				CLANG_CXX_LIBRARY = "libc++";
				CLANG_ENABLE_MODULES = YES;
				CLANG_ENABLE_OBJC_ARC = YES;
				CLANG_ENABLE_OBJC_WEAK = YES;
				CLANG_WARN_BLOCK_CAPTURE_AUTORELEASING = YES;
				CLANG_WARN_BOOL_CONVERSION = YES;
				CLANG_WARN_COMMA = YES;
				CLANG_WARN_CONSTANT_CONVERSION = YES;
				CLANG_WARN_DEPRECATED_OBJC_IMPLEMENTATIONS = YES;
				CLANG_WARN_DIRECT_OBJC_ISA_USAGE = YES_ERROR;
				CLANG_WARN_DOCUMENTATION_COMMENTS = YES;
				CLANG_WARN_EMPTY_BODY = YES;
				CLANG_WARN_ENUM_CONVERSION = YES;
				CLANG_WARN_INFINITE_RECURSION = YES;
				CLANG_WARN_INT_CONVERSION = YES;
				CLANG_WARN_NON_LITERAL_NULL_CONVERSION = YES;
				CLANG_WARN_OBJC_IMPLICIT_RETAIN_SELF = YES;
				CLANG_WARN_OBJC_LITERAL_CONVERSION = YES;
				CLANG_WARN_OBJC_ROOT_CLASS = YES_ERROR;
				CLANG_WARN_QUOTED_INCLUDE_IN_FRAMEWORK_HEADER = YES;
				CLANG_WARN_RANGE_LOOP_ANALYSIS = YES;
				CLANG_WARN_STRICT_PROTOTYPES = YES;
				CLANG_WARN_SUSPICIOUS_MOVE = YES;
				CLANG_WARN_UNGUARDED_AVAILABILITY = YES_AGGRESSIVE;
				CLANG_WARN_UNREACHABLE_CODE = YES;
				CLANG_WARN__DUPLICATE_METHOD_MATCH = YES;
				COPY_PHASE_STRIP = NO;
				DEBUG_INFORMATION_FORMAT = "dwarf-with-dsym";
				ENABLE_NS_ASSERTIONS = NO;
				ENABLE_STRICT_OBJC_MSGSEND = YES;
				GCC_C_LANGUAGE_STANDARD = gnu11;
				GCC_NO_COMMON_BLOCKS = YES;
				GCC_WARN_64_TO_32_BIT_CONVERSION = YES;
				GCC_WARN_ABOUT_RETURN_TYPE = YES_ERROR;
				GCC_WARN_UNDECLARED_SELECTOR = YES;
				GCC_WARN_UNINITIALIZED_AUTOS = YES_AGGRESSIVE;
				GCC_WARN_UNUSED_FUNCTION = YES;
				GCC_WARN_UNUSED_VARIABLE = YES;
				IPHONEOS_DEPLOYMENT_TARGET = 14.5;
				MTL_ENABLE_DEBUG_INFO = NO;
				MTL_FAST_MATH = YES;
				SDKROOT = iphoneos;
				SWIFT_COMPILATION_MODE = wholemodule;
				SWIFT_OPTIMIZATION_LEVEL = "-O";
				VALIDATE_PRODUCT = YES;
			};
			name = Release;
		};
		188606D82665446F0096B1E0 /* Debug */ = {
			isa = XCBuildConfiguration;
			buildSettings = {
				ASSETCATALOG_COMPILER_APPICON_NAME = AppIcon;
				ASSETCATALOG_COMPILER_GLOBAL_ACCENT_COLOR_NAME = AccentColor;
				CODE_SIGN_STYLE = Automatic;
				INFOPLIST_FILE = Tic/Info.plist;
				LD_RUNPATH_SEARCH_PATHS = (
					"$(inherited)",
					"@executable_path/Frameworks",
				);
				PRODUCT_BUNDLE_IDENTIFIER = Nurillo.Tic;
				PRODUCT_NAME = "$(TARGET_NAME)";
				SWIFT_VERSION = 5.0;
				TARGETED_DEVICE_FAMILY = "1,2";
			};
			name = Debug;
		};
		188606D92665446F0096B1E0 /* Release */ = {
			isa = XCBuildConfiguration;
			buildSettings = {
				ASSETCATALOG_COMPILER_APPICON_NAME = AppIcon;
				ASSETCATALOG_COMPILER_GLOBAL_ACCENT_COLOR_NAME = AccentColor;
				CODE_SIGN_STYLE = Automatic;
				INFOPLIST_FILE = Tic/Info.plist;
				LD_RUNPATH_SEARCH_PATHS = (
					"$(inherited)",
					"@executable_path/Frameworks",
				);
				PRODUCT_BUNDLE_IDENTIFIER = Nurillo.Tic;
				PRODUCT_NAME = "$(TARGET_NAME)";
				SWIFT_VERSION = 5.0;
				TARGETED_DEVICE_FAMILY = "1,2";
			};
			name = Release;
		};
/* End XCBuildConfiguration section */

/* Begin XCConfigurationList section */
		188606BE2665446E0096B1E0 /* Build configuration list for PBXProject "Tic" */ = {
			isa = XCConfigurationList;
			buildConfigurations = (
				188606D52665446F0096B1E0 /* Debug */,
				188606D62665446F0096B1E0 /* Release */,
			);
			defaultConfigurationIsVisible = 0;
			defaultConfigurationName = Release;
		};
		188606D72665446F0096B1E0 /* Build configuration list for PBXNativeTarget "Tic" */ = {
			isa = XCConfigurationList;
			buildConfigurations = (
				188606D82665446F0096B1E0 /* Debug */,
				188606D92665446F0096B1E0 /* Release */,
			);
			defaultConfigurationIsVisible = 0;
			defaultConfigurationName = Release;
		};
/* End XCConfigurationList section */
	};
	rootObject = 188606BB2665446E0096B1E0 /* Project object */;
}
